// !$*UTF8*$!
{
	archiveVersion = 1;
	classes = {
	};
	objectVersion = 46;
	objects = {

/* Begin PBXBuildFile section */
		AC8359CC1EE447E600B4C8BD /* AppDelegate.swift in Sources */ = {isa = PBXBuildFile; fileRef = AC8359CB1EE447E600B4C8BD /* AppDelegate.swift */; };
		AC8359CE1EE447E600B4C8BD /* RecordSoundsViewController.swift in Sources */ = {isa = PBXBuildFile; fileRef = AC8359CD1EE447E600B4C8BD /* RecordSoundsViewController.swift */; };
		AC8359D11EE447E600B4C8BD /* Main.storyboard in Resources */ = {isa = PBXBuildFile; fileRef = AC8359CF1EE447E600B4C8BD /* Main.storyboard */; };
		AC8359D31EE447E600B4C8BD /* Assets.xcassets in Resources */ = {isa = PBXBuildFile; fileRef = AC8359D21EE447E600B4C8BD /* Assets.xcassets */; };
		AC8359D61EE447E600B4C8BD /* LaunchScreen.storyboard in Resources */ = {isa = PBXBuildFile; fileRef = AC8359D41EE447E600B4C8BD /* LaunchScreen.storyboard */; };
		ACEEA92B1EE578BE00E78812 /* PlaySoundsViewController.swift in Sources */ = {isa = PBXBuildFile; fileRef = ACEEA92A1EE578BE00E78812 /* PlaySoundsViewController.swift */; };
		ACF9BC741EE5CA040035ADC3 /* playsoundsviewcontroller-audio.swift in Sources */ = {isa = PBXBuildFile; fileRef = ACF9BC731EE5CA040035ADC3 /* playsoundsviewcontroller-audio.swift */; };
/* End PBXBuildFile section */

/* Begin PBXFileReference section */
		AC8359C81EE447E600B4C8BD /* Pitch Perfect Correct.app */ = {isa = PBXFileReference; explicitFileType = wrapper.application; includeInIndex = 0; path = "Pitch Perfect Correct.app"; sourceTree = BUILT_PRODUCTS_DIR; };
		AC8359CB1EE447E600B4C8BD /* AppDelegate.swift */ = {isa = PBXFileReference; lastKnownFileType = sourcecode.swift; path = AppDelegate.swift; sourceTree = "<group>"; };
		AC8359CD1EE447E600B4C8BD /* RecordSoundsViewController.swift */ = {isa = PBXFileReference; lastKnownFileType = sourcecode.swift; path = RecordSoundsViewController.swift; sourceTree = "<group>"; };
		AC8359D01EE447E600B4C8BD /* Base */ = {isa = PBXFileReference; lastKnownFileType = file.storyboard; name = Base; path = Base.lproj/Main.storyboard; sourceTree = "<group>"; };
		AC8359D21EE447E600B4C8BD /* Assets.xcassets */ = {isa = PBXFileReference; lastKnownFileType = folder.assetcatalog; path = Assets.xcassets; sourceTree = "<group>"; };
		AC8359D51EE447E600B4C8BD /* Base */ = {isa = PBXFileReference; lastKnownFileType = file.storyboard; name = Base; path = Base.lproj/LaunchScreen.storyboard; sourceTree = "<group>"; };
		AC8359D71EE447E600B4C8BD /* Info.plist */ = {isa = PBXFileReference; lastKnownFileType = text.plist.xml; path = Info.plist; sourceTree = "<group>"; };
		ACEEA92A1EE578BE00E78812 /* PlaySoundsViewController.swift */ = {isa = PBXFileReference; fileEncoding = 4; lastKnownFileType = sourcecode.swift; path = PlaySoundsViewController.swift; sourceTree = "<group>"; };
		ACF9BC731EE5CA040035ADC3 /* playsoundsviewcontroller-audio.swift */ = {isa = PBXFileReference; fileEncoding = 4; lastKnownFileType = sourcecode.swift; path = "playsoundsviewcontroller-audio.swift"; sourceTree = "<group>"; };
/* End PBXFileReference section */

/* Begin PBXFrameworksBuildPhase section */
		AC8359C51EE447E600B4C8BD /* Frameworks */ = {
			isa = PBXFrameworksBuildPhase;
			buildActionMask = 2147483647;
			files = (
			);
			runOnlyForDeploymentPostprocessing = 0;
		};
/* End PBXFrameworksBuildPhase section */

/* Begin PBXGroup section */
		AC8359BF1EE447E600B4C8BD = {
			isa = PBXGroup;
			children = (
				AC8359CA1EE447E600B4C8BD /* Pitch Perfect Correct */,
				AC8359C91EE447E600B4C8BD /* Products */,
			);
			sourceTree = "<group>";
		};
		AC8359C91EE447E600B4C8BD /* Products */ = {
			isa = PBXGroup;
			children = (
				AC8359C81EE447E600B4C8BD /* Pitch Perfect Correct.app */,
			);
			name = Products;
			sourceTree = "<group>";
		};
		AC8359CA1EE447E600B4C8BD /* Pitch Perfect Correct */ = {
			isa = PBXGroup;
			children = (
				AC8359CB1EE447E600B4C8BD /* AppDelegate.swift */,
				AC8359CD1EE447E600B4C8BD /* RecordSoundsViewController.swift */,
				AC8359CF1EE447E600B4C8BD /* Main.storyboard */,
				AC8359D21EE447E600B4C8BD /* Assets.xcassets */,
				AC8359D41EE447E600B4C8BD /* LaunchScreen.storyboard */,
				AC8359D71EE447E600B4C8BD /* Info.plist */,
				ACEEA92A1EE578BE00E78812 /* PlaySoundsViewController.swift */,
				ACF9BC731EE5CA040035ADC3 /* playsoundsviewcontroller-audio.swift */,
			);
			path = "Pitch Perfect Correct";
			sourceTree = "<group>";
		};
/* End PBXGroup section */

/* Begin PBXNativeTarget section */
		AC8359C71EE447E600B4C8BD /* Pitch Perfect Correct */ = {
			isa = PBXNativeTarget;
			buildConfigurationList = AC8359DA1EE447E600B4C8BD /* Build configuration list for PBXNativeTarget "Pitch Perfect Correct" */;
			buildPhases = (
				AC8359C41EE447E600B4C8BD /* Sources */,
				AC8359C51EE447E600B4C8BD /* Frameworks */,
				AC8359C61EE447E600B4C8BD /* Resources */,
			);
			buildRules = (
			);
			dependencies = (
			);
			name = "Pitch Perfect Correct";
			productName = "Pitch Perfect Correct";
			productReference = AC8359C81EE447E600B4C8BD /* Pitch Perfect Correct.app */;
			productType = "com.apple.product-type.application";
		};
/* End PBXNativeTarget section */

/* Begin PBXProject section */
		AC8359C01EE447E600B4C8BD /* Project object */ = {
			isa = PBXProject;
			attributes = {
				LastSwiftUpdateCheck = 0830;
				LastUpgradeCheck = 0900;
				ORGANIZATIONNAME = "Mitul Jindal";
				TargetAttributes = {
					AC8359C71EE447E600B4C8BD = {
						CreatedOnToolsVersion = 8.3.2;
						DevelopmentTeam = NZGZ762EBZ;
						LastSwiftMigration = 0900;
						ProvisioningStyle = Automatic;
					};
				};
			};
			buildConfigurationList = AC8359C31EE447E600B4C8BD /* Build configuration list for PBXProject "Pitch Perfect Correct" */;
			compatibilityVersion = "Xcode 3.2";
			developmentRegion = English;
			hasScannedForEncodings = 0;
			knownRegions = (
				en,
				Base,
			);
			mainGroup = AC8359BF1EE447E600B4C8BD;
			productRefGroup = AC8359C91EE447E600B4C8BD /* Products */;
			projectDirPath = "";
			projectRoot = "";
			targets = (
				AC8359C71EE447E600B4C8BD /* Pitch Perfect Correct */,
			);
		};
/* End PBXProject section */

/* Begin PBXResourcesBuildPhase section */
		AC8359C61EE447E600B4C8BD /* Resources */ = {
			isa = PBXResourcesBuildPhase;
			buildActionMask = 2147483647;
			files = (
				AC8359D61EE447E600B4C8BD /* LaunchScreen.storyboard in Resources */,
				AC8359D31EE447E600B4C8BD /* Assets.xcassets in Resources */,
				AC8359D11EE447E600B4C8BD /* Main.storyboard in Resources */,
			);
			runOnlyForDeploymentPostprocessing = 0;
		};
/* End PBXResourcesBuildPhase section */

/* Begin PBXSourcesBuildPhase section */
		AC8359C41EE447E600B4C8BD /* Sources */ = {
			isa = PBXSourcesBuildPhase;
			buildActionMask = 2147483647;
			files = (
				AC8359CE1EE447E600B4C8BD /* RecordSoundsViewController.swift in Sources */,
				ACEEA92B1EE578BE00E78812 /* PlaySoundsViewController.swift in Sources */,
				AC8359CC1EE447E600B4C8BD /* AppDelegate.swift in Sources */,
				ACF9BC741EE5CA040035ADC3 /* playsoundsviewcontroller-audio.swift in Sources */,
			);
			runOnlyForDeploymentPostprocessing = 0;
		};
/* End PBXSourcesBuildPhase section */

/* Begin PBXVariantGroup section */
		AC8359CF1EE447E600B4C8BD /* Main.storyboard */ = {
			isa = PBXVariantGroup;
			children = (
				AC8359D01EE447E600B4C8BD /* Base */,
			);
			name = Main.storyboard;
			sourceTree = "<group>";
		};
		AC8359D41EE447E600B4C8BD /* LaunchScreen.storyboard */ = {
			isa = PBXVariantGroup;
			children = (
				AC8359D51EE447E600B4C8BD /* Base */,
			);
			name = LaunchScreen.storyboard;
			sourceTree = "<group>";
		};
/* End PBXVariantGroup section */

/* Begin XCBuildConfiguration section */
		AC8359D81EE447E600B4C8BD /* Debug */ = {
			isa = XCBuildConfiguration;
			buildSettings = {
				ALWAYS_SEARCH_USER_PATHS = NO;
				CLANG_ANALYZER_NONNULL = YES;
				CLANG_ANALYZER_NUMBER_OBJECT_CONVERSION = YES_AGGRESSIVE;
				CLANG_CXX_LANGUAGE_STANDARD = "gnu++0x";
				CLANG_CXX_LIBRARY = "libc++";
				CLANG_ENABLE_MODULES = YES;
				CLANG_ENABLE_OBJC_ARC = YES;
				CLANG_WARN_BLOCK_CAPTURE_AUTORELEASING = YES;
				CLANG_WARN_BOOL_CONVERSION = YES;
				CLANG_WARN_COMMA = YES;
				CLANG_WARN_CONSTANT_CONVERSION = YES;
				CLANG_WARN_DIRECT_OBJC_ISA_USAGE = YES_ERROR;
				CLANG_WARN_DOCUMENTATION_COMMENTS = YES;
				CLANG_WARN_EMPTY_BODY = YES;
				CLANG_WARN_ENUM_CONVERSION = YES;
				CLANG_WARN_INFINITE_RECURSION = YES;
				CLANG_WARN_INT_CONVERSION = YES;
				CLANG_WARN_NON_LITERAL_NULL_CONVERSION = YES;
				CLANG_WARN_OBJC_LITERAL_CONVERSION = YES;
				CLANG_WARN_OBJC_ROOT_CLASS = YES_ERROR;
				CLANG_WARN_RANGE_LOOP_ANALYSIS = YES;
				CLANG_WARN_STRICT_PROTOTYPES = YES;
				CLANG_WARN_SUSPICIOUS_MOVE = YES;
				CLANG_WARN_UNREACHABLE_CODE = YES;
				CLANG_WARN__DUPLICATE_METHOD_MATCH = YES;
				"CODE_SIGN_IDENTITY[sdk=iphoneos*]" = "iPhone Developer";
				COPY_PHASE_STRIP = NO;
				DEBUG_INFORMATION_FORMAT = dwarf;
				ENABLE_STRICT_OBJC_MSGSEND = YES;
				ENABLE_TESTABILITY = YES;
				GCC_C_LANGUAGE_STANDARD = gnu99;
				GCC_DYNAMIC_NO_PIC = NO;
				GCC_NO_COMMON_BLOCKS = YES;
				GCC_OPTIMIZATION_LEVEL = 0;
				GCC_PREPROCESSOR_DEFINITIONS = (
					"DEBUG=1",
					"$(inherited)",
				);
				GCC_WARN_64_TO_32_BIT_CONVERSION = YES;
				GCC_WARN_ABOUT_RETURN_TYPE = YES_ERROR;
				GCC_WARN_UNDECLARED_SELECTOR = YES;
				GCC_WARN_UNINITIALIZED_AUTOS = YES_AGGRESSIVE;
				GCC_WARN_UNUSED_FUNCTION = YES;
				GCC_WARN_UNUSED_VARIABLE = YES;
				IPHONEOS_DEPLOYMENT_TARGET = 11.0;
				MTL_ENABLE_DEBUG_INFO = YES;
				ONLY_ACTIVE_ARCH = NO;
				SDKROOT = iphoneos;
				SWIFT_ACTIVE_COMPILATION_CONDITIONS = DEBUG;
				SWIFT_OPTIMIZATION_LEVEL = "-Onone";
				TARGETED_DEVICE_FAMILY = "1,2";
			};
			name = Debug;
		};
		AC8359D91EE447E600B4C8BD /* Release */ = {
			isa = XCBuildConfiguration;
			buildSettings = {
				ALWAYS_SEARCH_USER_PATHS = NO;
				CLANG_ANALYZER_NONNULL = YES;
				CLANG_ANALYZER_NUMBER_OBJECT_CONVERSION = YES_AGGRESSIVE;
				CLANG_CXX_LANGUAGE_STANDARD = "gnu++0x";
				CLANG_CXX_LIBRARY = "libc++";
				CLANG_ENABLE_MODULES = YES;
				CLANG_ENABLE_OBJC_ARC = YES;
				CLANG_WARN_BLOCK_CAPTURE_AUTORELEASING = YES;
				CLANG_WARN_BOOL_CONVERSION = YES;
				CLANG_WARN_COMMA = YES;
				CLANG_WARN_CONSTANT_CONVERSION = YES;
				CLANG_WARN_DIRECT_OBJC_ISA_USAGE = YES_ERROR;
				CLANG_WARN_DOCUMENTATION_COMMENTS = YES;
				CLANG_WARN_EMPTY_BODY = YES;
				CLANG_WARN_ENUM_CONVERSION = YES;
				CLANG_WARN_INFINITE_RECURSION = YES;
				CLANG_WARN_INT_CONVERSION = YES;
				CLANG_WARN_NON_LITERAL_NULL_CONVERSION = YES;
				CLANG_WARN_OBJC_LITERAL_CONVERSION = YES;
				CLANG_WARN_OBJC_ROOT_CLASS = YES_ERROR;
				CLANG_WARN_RANGE_LOOP_ANALYSIS = YES;
				CLANG_WARN_STRICT_PROTOTYPES = YES;
				CLANG_WARN_SUSPICIOUS_MOVE = YES;
				CLANG_WARN_UNREACHABLE_CODE = YES;
				CLANG_WARN__DUPLICATE_METHOD_MATCH = YES;
				"CODE_SIGN_IDENTITY[sdk=iphoneos*]" = "iPhone Developer";
				COPY_PHASE_STRIP = NO;
				DEBUG_INFORMATION_FORMAT = "dwarf-with-dsym";
				ENABLE_NS_ASSERTIONS = NO;
				ENABLE_STRICT_OBJC_MSGSEND = YES;
				GCC_C_LANGUAGE_STANDARD = gnu99;
				GCC_NO_COMMON_BLOCKS = YES;
				GCC_WARN_64_TO_32_BIT_CONVERSION = YES;
				GCC_WARN_ABOUT_RETURN_TYPE = YES_ERROR;
				GCC_WARN_UNDECLARED_SELECTOR = YES;
				GCC_WARN_UNINITIALIZED_AUTOS = YES_AGGRESSIVE;
				GCC_WARN_UNUSED_FUNCTION = YES;
				GCC_WARN_UNUSED_VARIABLE = YES;
				IPHONEOS_DEPLOYMENT_TARGET = 11.0;
				MTL_ENABLE_DEBUG_INFO = NO;
				SDKROOT = iphoneos;
				SWIFT_OPTIMIZATION_LEVEL = "-Owholemodule";
				TARGETED_DEVICE_FAMILY = "1,2";
				VALIDATE_PRODUCT = YES;
			};
			name = Release;
		};
		AC8359DB1EE447E600B4C8BD /* Debug */ = {
			isa = XCBuildConfiguration;
			buildSettings = {
				ASSETCATALOG_COMPILER_APPICON_NAME = AppIcon;
				CLANG_CXX_LANGUAGE_STANDARD = "compiler-default";
				CLANG_CXX_LIBRARY = "compiler-default";
				DEVELOPMENT_TEAM = NZGZ762EBZ;
				INFOPLIST_FILE = "Pitch Perfect Correct/Info.plist";
				IPHONEOS_DEPLOYMENT_TARGET = 10.3;
				LD_RUNPATH_SEARCH_PATHS = "$(inherited) @executable_path/Frameworks";
				PRODUCT_BUNDLE_IDENTIFIER = "com.Mitul.Pitch-Perfect-Correct";
				PRODUCT_NAME = "$(TARGET_NAME)";
				SWIFT_SWIFT3_OBJC_INFERENCE = On;
				SWIFT_VERSION = 3.0;
				TARGETED_DEVICE_FAMILY = "1,2";
			};
			name = Debug;
		};
		AC8359DC1EE447E600B4C8BD /* Release */ = {
			isa = XCBuildConfiguration;
			buildSettings = {
				ASSETCATALOG_COMPILER_APPICON_NAME = AppIcon;
				CLANG_CXX_LANGUAGE_STANDARD = "compiler-default";
				CLANG_CXX_LIBRARY = "compiler-default";
				DEVELOPMENT_TEAM = NZGZ762EBZ;
				INFOPLIST_FILE = "Pitch Perfect Correct/Info.plist";
				IPHONEOS_DEPLOYMENT_TARGET = 10.3;
				LD_RUNPATH_SEARCH_PATHS = "$(inherited) @executable_path/Frameworks";
				PRODUCT_BUNDLE_IDENTIFIER = "com.Mitul.Pitch-Perfect-Correct";
				PRODUCT_NAME = "$(TARGET_NAME)";
				SWIFT_SWIFT3_OBJC_INFERENCE = On;
				SWIFT_VERSION = 3.0;
				TARGETED_DEVICE_FAMILY = "1,2";
			};
			name = Release;
		};
/* End XCBuildConfiguration section */

/* Begin XCConfigurationList section */
		AC8359C31EE447E600B4C8BD /* Build configuration list for PBXProject "Pitch Perfect Correct" */ = {
			isa = XCConfigurationList;
			buildConfigurations = (
				AC8359D81EE447E600B4C8BD /* Debug */,
				AC8359D91EE447E600B4C8BD /* Release */,
			);
			defaultConfigurationIsVisible = 0;
			defaultConfigurationName = Release;
		};
		AC8359DA1EE447E600B4C8BD /* Build configuration list for PBXNativeTarget "Pitch Perfect Correct" */ = {
			isa = XCConfigurationList;
			buildConfigurations = (
				AC8359DB1EE447E600B4C8BD /* Debug */,
				AC8359DC1EE447E600B4C8BD /* Release */,
			);
			defaultConfigurationIsVisible = 0;
			defaultConfigurationName = Release;
		};
/* End XCConfigurationList section */
	};
	rootObject = AC8359C01EE447E600B4C8BD /* Project object */;
}
